# THIS IS AN AUTOGENERATED FILE. DO NOT EDIT THIS FILE DIRECTLY.
# yarn lockfile v1


hello-world-classic@^0.0.1:
  version "0.0.1"
  resolved "https://registry.yarnpkg.com/hello-world-classic/-/hello-world-classic-0.0.1.tgz#87f5ec22f5d58d93ba4179cc6c630be500006818"
  integrity sha512-IxVkRDcbY7EwtNl988ajn2qzufB6QDEAaOvYwwYyUu0YFT7zQbUKqmApafn0opONe9Y/cf3UO17/8vOkbxPlhA==
